// !$*UTF8*$!
{
	archiveVersion = 1;
	classes = {
	};
	objectVersion = 46;
	objects = {

/* Begin PBXBuildFile section */
		312248331D77DF6E00A79681 /* main.m in Sources */ = {isa = PBXBuildFile; fileRef = 312248321D77DF6E00A79681 /* main.m */; };
		312248361D77DF6E00A79681 /* AppDelegate.m in Sources */ = {isa = PBXBuildFile; fileRef = 312248351D77DF6E00A79681 /* AppDelegate.m */; };
		312248391D77DF6E00A79681 /* Start.m in Sources */ = {isa = PBXBuildFile; fileRef = 312248381D77DF6E00A79681 /* Start.m */; };
		3122483C1D77DF6E00A79681 /* Main.storyboard in Resources */ = {isa = PBXBuildFile; fileRef = 3122483A1D77DF6E00A79681 /* Main.storyboard */; };
		3122483F1D77DF6E00A79681 /* Lab04.xcdatamodeld in Sources */ = {isa = PBXBuildFile; fileRef = 3122483D1D77DF6E00A79681 /* Lab04.xcdatamodeld */; };
		312248411D77DF6E00A79681 /* Assets.xcassets in Resources */ = {isa = PBXBuildFile; fileRef = 312248401D77DF6E00A79681 /* Assets.xcassets */; };
		312248441D77DF6E00A79681 /* LaunchScreen.storyboard in Resources */ = {isa = PBXBuildFile; fileRef = 312248421D77DF6E00A79681 /* LaunchScreen.storyboard */; };
		312248511D77DFE300A79681 /* cellTableTableViewCell.m in Sources */ = {isa = PBXBuildFile; fileRef = 3122484F1D77DFE300A79681 /* cellTableTableViewCell.m */; };
		312248521D77DFE300A79681 /* cellTableTableViewCell.xib in Resources */ = {isa = PBXBuildFile; fileRef = 312248501D77DFE300A79681 /* cellTableTableViewCell.xib */; };
		312248551D77E71E00A79681 /* Declarations.m in Sources */ = {isa = PBXBuildFile; fileRef = 312248541D77E71E00A79681 /* Declarations.m */; };
		312248581D77E7D300A79681 /* Introduction.m in Sources */ = {isa = PBXBuildFile; fileRef = 312248571D77E7D300A79681 /* Introduction.m */; };
		3122485C1D77EBB600A79681 /* ListTable.m in Sources */ = {isa = PBXBuildFile; fileRef = 3122485B1D77EBB600A79681 /* ListTable.m */; };
		31D8401D1D77F83500749D20 /* ACSantoMauro.jpg in Resources */ = {isa = PBXBuildFile; fileRef = 31D8400F1D77F83500749D20 /* ACSantoMauro.jpg */; };
		31D8401E1D77F83500749D20 /* Amangiri.jpg in Resources */ = {isa = PBXBuildFile; fileRef = 31D840101D77F83500749D20 /* Amangiri.jpg */; };
		31D8401F1D77F83500749D20 /* ArmaniHotel.jpg in Resources */ = {isa = PBXBuildFile; fileRef = 31D840111D77F83500749D20 /* ArmaniHotel.jpg */; };
		31D840201D77F83500749D20 /* BaltschugKempinski.jpg in Resources */ = {isa = PBXBuildFile; fileRef = 31D840121D77F83500749D20 /* BaltschugKempinski.jpg */; };
		31D840211D77F83500749D20 /* bulgari-hotel-bari.jpg in Resources */ = {isa = PBXBuildFile; fileRef = 31D840131D77F83500749D20 /* bulgari-hotel-bari.jpg */; };
		31D840221D77F83500749D20 /* HotelRitz.jpg in Resources */ = {isa = PBXBuildFile; fileRef = 31D840141D77F83500749D20 /* HotelRitz.jpg */; };
		31D840231D77F83500749D20 /* HotelRitzParís.jpg in Resources */ = {isa = PBXBuildFile; fileRef = 31D840151D77F83500749D20 /* HotelRitzParís.jpg */; };
		31D840241D77F83500749D20 /* HotelWestinPalace.jpg in Resources */ = {isa = PBXBuildFile; fileRef = 31D840161D77F83500749D20 /* HotelWestinPalace.jpg */; };
		31D840251D77F83500749D20 /* LaMamounia.jpg in Resources */ = {isa = PBXBuildFile; fileRef = 31D840171D77F83500749D20 /* LaMamounia.jpg */; };
		31D840261D77F83500749D20 /* MandarinOriental.jpg in Resources */ = {isa = PBXBuildFile; fileRef = 31D840181D77F83500749D20 /* MandarinOriental.jpg */; };
		31D840271D77F83500749D20 /* RitzCarltonReservePhulayBay.jpg in Resources */ = {isa = PBXBuildFile; fileRef = 31D840191D77F83500749D20 /* RitzCarltonReservePhulayBay.jpg */; };
		31D840281D77F83500749D20 /* RitzLondres.jpg in Resources */ = {isa = PBXBuildFile; fileRef = 31D8401A1D77F83500749D20 /* RitzLondres.jpg */; };
		31D840291D77F83500749D20 /* StRegisNuevaYork.jpg in Resources */ = {isa = PBXBuildFile; fileRef = 31D8401B1D77F83500749D20 /* StRegisNuevaYork.jpg */; };
		31D8402A1D77F83500749D20 /* TheGramercyParkHotel.jpg in Resources */ = {isa = PBXBuildFile; fileRef = 31D8401C1D77F83500749D20 /* TheGramercyParkHotel.jpg */; };
/* End PBXBuildFile section */

/* Begin PBXFileReference section */
		3122482E1D77DF6E00A79681 /* Lab04.app */ = {isa = PBXFileReference; explicitFileType = wrapper.application; includeInIndex = 0; path = Lab04.app; sourceTree = BUILT_PRODUCTS_DIR; };
		312248321D77DF6E00A79681 /* main.m */ = {isa = PBXFileReference; lastKnownFileType = sourcecode.c.objc; path = main.m; sourceTree = "<group>"; };
		312248341D77DF6E00A79681 /* AppDelegate.h */ = {isa = PBXFileReference; lastKnownFileType = sourcecode.c.h; path = AppDelegate.h; sourceTree = "<group>"; };
		312248351D77DF6E00A79681 /* AppDelegate.m */ = {isa = PBXFileReference; lastKnownFileType = sourcecode.c.objc; path = AppDelegate.m; sourceTree = "<group>"; };
		312248371D77DF6E00A79681 /* Start.h */ = {isa = PBXFileReference; lastKnownFileType = sourcecode.c.h; path = Start.h; sourceTree = "<group>"; };
		312248381D77DF6E00A79681 /* Start.m */ = {isa = PBXFileReference; lastKnownFileType = sourcecode.c.objc; path = Start.m; sourceTree = "<group>"; };
		3122483B1D77DF6E00A79681 /* Base */ = {isa = PBXFileReference; lastKnownFileType = file.storyboard; name = Base; path = Base.lproj/Main.storyboard; sourceTree = "<group>"; };
		3122483E1D77DF6E00A79681 /* Lab04.xcdatamodel */ = {isa = PBXFileReference; lastKnownFileType = wrapper.xcdatamodel; path = Lab04.xcdatamodel; sourceTree = "<group>"; };
		312248401D77DF6E00A79681 /* Assets.xcassets */ = {isa = PBXFileReference; lastKnownFileType = folder.assetcatalog; path = Assets.xcassets; sourceTree = "<group>"; };
		312248431D77DF6E00A79681 /* Base */ = {isa = PBXFileReference; lastKnownFileType = file.storyboard; name = Base; path = Base.lproj/LaunchScreen.storyboard; sourceTree = "<group>"; };
		312248451D77DF6E00A79681 /* Info.plist */ = {isa = PBXFileReference; lastKnownFileType = text.plist.xml; path = Info.plist; sourceTree = "<group>"; };
		3122484E1D77DFE300A79681 /* cellTableTableViewCell.h */ = {isa = PBXFileReference; fileEncoding = 4; lastKnownFileType = sourcecode.c.h; path = cellTableTableViewCell.h; sourceTree = "<group>"; };
		3122484F1D77DFE300A79681 /* cellTableTableViewCell.m */ = {isa = PBXFileReference; fileEncoding = 4; lastKnownFileType = sourcecode.c.objc; path = cellTableTableViewCell.m; sourceTree = "<group>"; };
		312248501D77DFE300A79681 /* cellTableTableViewCell.xib */ = {isa = PBXFileReference; fileEncoding = 4; lastKnownFileType = file.xib; path = cellTableTableViewCell.xib; sourceTree = "<group>"; };
		312248531D77E71E00A79681 /* Declarations.h */ = {isa = PBXFileReference; fileEncoding = 4; lastKnownFileType = sourcecode.c.h; path = Declarations.h; sourceTree = "<group>"; };
		312248541D77E71E00A79681 /* Declarations.m */ = {isa = PBXFileReference; fileEncoding = 4; lastKnownFileType = sourcecode.c.objc; path = Declarations.m; sourceTree = "<group>"; };
		312248561D77E7D300A79681 /* Introduction.h */ = {isa = PBXFileReference; fileEncoding = 4; lastKnownFileType = sourcecode.c.h; path = Introduction.h; sourceTree = "<group>"; };
		312248571D77E7D300A79681 /* Introduction.m */ = {isa = PBXFileReference; fileEncoding = 4; lastKnownFileType = sourcecode.c.objc; path = Introduction.m; sourceTree = "<group>"; };
		3122485A1D77EBB600A79681 /* ListTable.h */ = {isa = PBXFileReference; fileEncoding = 4; lastKnownFileType = sourcecode.c.h; path = ListTable.h; sourceTree = "<group>"; };
		3122485B1D77EBB600A79681 /* ListTable.m */ = {isa = PBXFileReference; fileEncoding = 4; lastKnownFileType = sourcecode.c.objc; path = ListTable.m; sourceTree = "<group>"; };
		31D8400F1D77F83500749D20 /* ACSantoMauro.jpg */ = {isa = PBXFileReference; lastKnownFileType = image.jpeg; path = ACSantoMauro.jpg; sourceTree = "<group>"; };
		31D840101D77F83500749D20 /* Amangiri.jpg */ = {isa = PBXFileReference; lastKnownFileType = image.jpeg; path = Amangiri.jpg; sourceTree = "<group>"; };
		31D840111D77F83500749D20 /* ArmaniHotel.jpg */ = {isa = PBXFileReference; lastKnownFileType = image.jpeg; path = ArmaniHotel.jpg; sourceTree = "<group>"; };
		31D840121D77F83500749D20 /* BaltschugKempinski.jpg */ = {isa = PBXFileReference; lastKnownFileType = image.jpeg; path = BaltschugKempinski.jpg; sourceTree = "<group>"; };
		31D840131D77F83500749D20 /* bulgari-hotel-bari.jpg */ = {isa = PBXFileReference; lastKnownFileType = image.jpeg; path = "bulgari-hotel-bari.jpg"; sourceTree = "<group>"; };
		31D840141D77F83500749D20 /* HotelRitz.jpg */ = {isa = PBXFileReference; lastKnownFileType = image.jpeg; path = HotelRitz.jpg; sourceTree = "<group>"; };
		31D840151D77F83500749D20 /* HotelRitzParís.jpg */ = {isa = PBXFileReference; lastKnownFileType = image.jpeg; path = "HotelRitzParís.jpg"; sourceTree = "<group>"; };
		31D840161D77F83500749D20 /* HotelWestinPalace.jpg */ = {isa = PBXFileReference; lastKnownFileType = image.jpeg; path = HotelWestinPalace.jpg; sourceTree = "<group>"; };
		31D840171D77F83500749D20 /* LaMamounia.jpg */ = {isa = PBXFileReference; lastKnownFileType = image.jpeg; path = LaMamounia.jpg; sourceTree = "<group>"; };
		31D840181D77F83500749D20 /* MandarinOriental.jpg */ = {isa = PBXFileReference; lastKnownFileType = image.jpeg; path = MandarinOriental.jpg; sourceTree = "<group>"; };
		31D840191D77F83500749D20 /* RitzCarltonReservePhulayBay.jpg */ = {isa = PBXFileReference; lastKnownFileType = image.jpeg; path = RitzCarltonReservePhulayBay.jpg; sourceTree = "<group>"; };
		31D8401A1D77F83500749D20 /* RitzLondres.jpg */ = {isa = PBXFileReference; lastKnownFileType = image.jpeg; path = RitzLondres.jpg; sourceTree = "<group>"; };
		31D8401B1D77F83500749D20 /* StRegisNuevaYork.jpg */ = {isa = PBXFileReference; lastKnownFileType = image.jpeg; path = StRegisNuevaYork.jpg; sourceTree = "<group>"; };
		31D8401C1D77F83500749D20 /* TheGramercyParkHotel.jpg */ = {isa = PBXFileReference; lastKnownFileType = image.jpeg; path = TheGramercyParkHotel.jpg; sourceTree = "<group>"; };
/* End PBXFileReference section */

/* Begin PBXFrameworksBuildPhase section */
		3122482B1D77DF6E00A79681 /* Frameworks */ = {
			isa = PBXFrameworksBuildPhase;
			buildActionMask = 2147483647;
			files = (
			);
			runOnlyForDeploymentPostprocessing = 0;
		};
/* End PBXFrameworksBuildPhase section */

/* Begin PBXGroup section */
		312248251D77DF6E00A79681 = {
			isa = PBXGroup;
			children = (
				312248301D77DF6E00A79681 /* Lab04 */,
				3122482F1D77DF6E00A79681 /* Products */,
			);
			sourceTree = "<group>";
		};
		3122482F1D77DF6E00A79681 /* Products */ = {
			isa = PBXGroup;
			children = (
				3122482E1D77DF6E00A79681 /* Lab04.app */,
			);
			name = Products;
			sourceTree = "<group>";
		};
		312248301D77DF6E00A79681 /* Lab04 */ = {
			isa = PBXGroup;
			children = (
				31D8400E1D77F83500749D20 /* imgs */,
				3122484D1D77DFC300A79681 /* Cells */,
				3122484C1D77DF8700A79681 /* Controllers */,
				3122484B1D77DF7B00A79681 /* Main */,
				3122483A1D77DF6E00A79681 /* Main.storyboard */,
				312248401D77DF6E00A79681 /* Assets.xcassets */,
				312248421D77DF6E00A79681 /* LaunchScreen.storyboard */,
				312248451D77DF6E00A79681 /* Info.plist */,
				3122483D1D77DF6E00A79681 /* Lab04.xcdatamodeld */,
				312248311D77DF6E00A79681 /* Supporting Files */,
			);
			path = Lab04;
			sourceTree = "<group>";
		};
		312248311D77DF6E00A79681 /* Supporting Files */ = {
			isa = PBXGroup;
			children = (
				312248321D77DF6E00A79681 /* main.m */,
			);
			name = "Supporting Files";
			sourceTree = "<group>";
		};
		3122484B1D77DF7B00A79681 /* Main */ = {
			isa = PBXGroup;
			children = (
				312248531D77E71E00A79681 /* Declarations.h */,
				312248541D77E71E00A79681 /* Declarations.m */,
				312248341D77DF6E00A79681 /* AppDelegate.h */,
				312248351D77DF6E00A79681 /* AppDelegate.m */,
			);
			name = Main;
			sourceTree = "<group>";
		};
		3122484C1D77DF8700A79681 /* Controllers */ = {
			isa = PBXGroup;
			children = (
				312248371D77DF6E00A79681 /* Start.h */,
				312248381D77DF6E00A79681 /* Start.m */,
				312248561D77E7D300A79681 /* Introduction.h */,
				312248571D77E7D300A79681 /* Introduction.m */,
				3122485A1D77EBB600A79681 /* ListTable.h */,
				3122485B1D77EBB600A79681 /* ListTable.m */,
			);
			name = Controllers;
			sourceTree = "<group>";
		};
		3122484D1D77DFC300A79681 /* Cells */ = {
			isa = PBXGroup;
			children = (
				3122484E1D77DFE300A79681 /* cellTableTableViewCell.h */,
				3122484F1D77DFE300A79681 /* cellTableTableViewCell.m */,
				312248501D77DFE300A79681 /* cellTableTableViewCell.xib */,
			);
			name = Cells;
			sourceTree = "<group>";
		};
		31D8400E1D77F83500749D20 /* imgs */ = {
			isa = PBXGroup;
			children = (
				31D8400F1D77F83500749D20 /* ACSantoMauro.jpg */,
				31D840101D77F83500749D20 /* Amangiri.jpg */,
				31D840111D77F83500749D20 /* ArmaniHotel.jpg */,
				31D840121D77F83500749D20 /* BaltschugKempinski.jpg */,
				31D840131D77F83500749D20 /* bulgari-hotel-bari.jpg */,
				31D840141D77F83500749D20 /* HotelRitz.jpg */,
				31D840151D77F83500749D20 /* HotelRitzParís.jpg */,
				31D840161D77F83500749D20 /* HotelWestinPalace.jpg */,
				31D840171D77F83500749D20 /* LaMamounia.jpg */,
				31D840181D77F83500749D20 /* MandarinOriental.jpg */,
				31D840191D77F83500749D20 /* RitzCarltonReservePhulayBay.jpg */,
				31D8401A1D77F83500749D20 /* RitzLondres.jpg */,
				31D8401B1D77F83500749D20 /* StRegisNuevaYork.jpg */,
				31D8401C1D77F83500749D20 /* TheGramercyParkHotel.jpg */,
			);
			path = imgs;
			sourceTree = "<group>";
		};
/* End PBXGroup section */

/* Begin PBXNativeTarget section */
		3122482D1D77DF6E00A79681 /* Lab04 */ = {
			isa = PBXNativeTarget;
			buildConfigurationList = 312248481D77DF6E00A79681 /* Build configuration list for PBXNativeTarget "Lab04" */;
			buildPhases = (
				3122482A1D77DF6E00A79681 /* Sources */,
				3122482B1D77DF6E00A79681 /* Frameworks */,
				3122482C1D77DF6E00A79681 /* Resources */,
			);
			buildRules = (
			);
			dependencies = (
			);
			name = Lab04;
			productName = Lab04;
			productReference = 3122482E1D77DF6E00A79681 /* Lab04.app */;
			productType = "com.apple.product-type.application";
		};
/* End PBXNativeTarget section */

/* Begin PBXProject section */
		312248261D77DF6E00A79681 /* Project object */ = {
			isa = PBXProject;
			attributes = {
				LastUpgradeCheck = 0730;
				ORGANIZATIONNAME = Codelko;
				TargetAttributes = {
					3122482D1D77DF6E00A79681 = {
						CreatedOnToolsVersion = 7.3.1;
					};
				};
			};
			buildConfigurationList = 312248291D77DF6E00A79681 /* Build configuration list for PBXProject "Lab04" */;
			compatibilityVersion = "Xcode 3.2";
			developmentRegion = English;
			hasScannedForEncodings = 0;
			knownRegions = (
				en,
				Base,
			);
			mainGroup = 312248251D77DF6E00A79681;
			productRefGroup = 3122482F1D77DF6E00A79681 /* Products */;
			projectDirPath = "";
			projectRoot = "";
			targets = (
				3122482D1D77DF6E00A79681 /* Lab04 */,
			);
		};
/* End PBXProject section */

/* Begin PBXResourcesBuildPhase section */
		3122482C1D77DF6E00A79681 /* Resources */ = {
			isa = PBXResourcesBuildPhase;
			buildActionMask = 2147483647;
			files = (
				31D840291D77F83500749D20 /* StRegisNuevaYork.jpg in Resources */,
				31D840241D77F83500749D20 /* HotelWestinPalace.jpg in Resources */,
				312248441D77DF6E00A79681 /* LaunchScreen.storyboard in Resources */,
				31D840231D77F83500749D20 /* HotelRitzParís.jpg in Resources */,
				31D8401E1D77F83500749D20 /* Amangiri.jpg in Resources */,
				312248411D77DF6E00A79681 /* Assets.xcassets in Resources */,
				312248521D77DFE300A79681 /* cellTableTableViewCell.xib in Resources */,
				31D8401F1D77F83500749D20 /* ArmaniHotel.jpg in Resources */,
				31D840251D77F83500749D20 /* LaMamounia.jpg in Resources */,
				31D840201D77F83500749D20 /* BaltschugKempinski.jpg in Resources */,
				31D840211D77F83500749D20 /* bulgari-hotel-bari.jpg in Resources */,
				31D840271D77F83500749D20 /* RitzCarltonReservePhulayBay.jpg in Resources */,
				31D840221D77F83500749D20 /* HotelRitz.jpg in Resources */,
				31D840261D77F83500749D20 /* MandarinOriental.jpg in Resources */,
				3122483C1D77DF6E00A79681 /* Main.storyboard in Resources */,
				31D840281D77F83500749D20 /* RitzLondres.jpg in Resources */,
				31D8402A1D77F83500749D20 /* TheGramercyParkHotel.jpg in Resources */,
				31D8401D1D77F83500749D20 /* ACSantoMauro.jpg in Resources */,
			);
			runOnlyForDeploymentPostprocessing = 0;
		};
/* End PBXResourcesBuildPhase section */

/* Begin PBXSourcesBuildPhase section */
		3122482A1D77DF6E00A79681 /* Sources */ = {
			isa = PBXSourcesBuildPhase;
			buildActionMask = 2147483647;
			files = (
				312248391D77DF6E00A79681 /* Start.m in Sources */,
				3122483F1D77DF6E00A79681 /* Lab04.xcdatamodeld in Sources */,
				3122485C1D77EBB600A79681 /* ListTable.m in Sources */,
				312248551D77E71E00A79681 /* Declarations.m in Sources */,
				312248511D77DFE300A79681 /* cellTableTableViewCell.m in Sources */,
				312248361D77DF6E00A79681 /* AppDelegate.m in Sources */,
				312248331D77DF6E00A79681 /* main.m in Sources */,
				312248581D77E7D300A79681 /* Introduction.m in Sources */,
			);
			runOnlyForDeploymentPostprocessing = 0;
		};
/* End PBXSourcesBuildPhase section */

/* Begin PBXVariantGroup section */
		3122483A1D77DF6E00A79681 /* Main.storyboard */ = {
			isa = PBXVariantGroup;
			children = (
				3122483B1D77DF6E00A79681 /* Base */,
			);
			name = Main.storyboard;
			sourceTree = "<group>";
		};
		312248421D77DF6E00A79681 /* LaunchScreen.storyboard */ = {
			isa = PBXVariantGroup;
			children = (
				312248431D77DF6E00A79681 /* Base */,
			);
			name = LaunchScreen.storyboard;
			sourceTree = "<group>";
		};
/* End PBXVariantGroup section */

/* Begin XCBuildConfiguration section */
		312248461D77DF6E00A79681 /* Debug */ = {
			isa = XCBuildConfiguration;
			buildSettings = {
				ALWAYS_SEARCH_USER_PATHS = NO;
				CLANG_ANALYZER_NONNULL = YES;
				CLANG_CXX_LANGUAGE_STANDARD = "gnu++0x";
				CLANG_CXX_LIBRARY = "libc++";
				CLANG_ENABLE_MODULES = YES;
				CLANG_ENABLE_OBJC_ARC = YES;
				CLANG_WARN_BOOL_CONVERSION = YES;
				CLANG_WARN_CONSTANT_CONVERSION = YES;
				CLANG_WARN_DIRECT_OBJC_ISA_USAGE = YES_ERROR;
				CLANG_WARN_EMPTY_BODY = YES;
				CLANG_WARN_ENUM_CONVERSION = YES;
				CLANG_WARN_INT_CONVERSION = YES;
				CLANG_WARN_OBJC_ROOT_CLASS = YES_ERROR;
				CLANG_WARN_UNREACHABLE_CODE = YES;
				CLANG_WARN__DUPLICATE_METHOD_MATCH = YES;
				"CODE_SIGN_IDENTITY[sdk=iphoneos*]" = "iPhone Developer";
				COPY_PHASE_STRIP = NO;
				DEBUG_INFORMATION_FORMAT = dwarf;
				ENABLE_STRICT_OBJC_MSGSEND = YES;
				ENABLE_TESTABILITY = YES;
				GCC_C_LANGUAGE_STANDARD = gnu99;
				GCC_DYNAMIC_NO_PIC = NO;
				GCC_NO_COMMON_BLOCKS = YES;
				GCC_OPTIMIZATION_LEVEL = 0;
				GCC_PREPROCESSOR_DEFINITIONS = (
					"DEBUG=1",
					"$(inherited)",
				);
				GCC_WARN_64_TO_32_BIT_CONVERSION = YES;
				GCC_WARN_ABOUT_RETURN_TYPE = YES_ERROR;
				GCC_WARN_UNDECLARED_SELECTOR = YES;
				GCC_WARN_UNINITIALIZED_AUTOS = YES_AGGRESSIVE;
				GCC_WARN_UNUSED_FUNCTION = YES;
				GCC_WARN_UNUSED_VARIABLE = YES;
				IPHONEOS_DEPLOYMENT_TARGET = 9.3;
				MTL_ENABLE_DEBUG_INFO = YES;
				ONLY_ACTIVE_ARCH = YES;
				SDKROOT = iphoneos;
			};
			name = Debug;
		};
		312248471D77DF6E00A79681 /* Release */ = {
			isa = XCBuildConfiguration;
			buildSettings = {
				ALWAYS_SEARCH_USER_PATHS = NO;
				CLANG_ANALYZER_NONNULL = YES;
				CLANG_CXX_LANGUAGE_STANDARD = "gnu++0x";
				CLANG_CXX_LIBRARY = "libc++";
				CLANG_ENABLE_MODULES = YES;
				CLANG_ENABLE_OBJC_ARC = YES;
				CLANG_WARN_BOOL_CONVERSION = YES;
				CLANG_WARN_CONSTANT_CONVERSION = YES;
				CLANG_WARN_DIRECT_OBJC_ISA_USAGE = YES_ERROR;
				CLANG_WARN_EMPTY_BODY = YES;
				CLANG_WARN_ENUM_CONVERSION = YES;
				CLANG_WARN_INT_CONVERSION = YES;
				CLANG_WARN_OBJC_ROOT_CLASS = YES_ERROR;
				CLANG_WARN_UNREACHABLE_CODE = YES;
				CLANG_WARN__DUPLICATE_METHOD_MATCH = YES;
				"CODE_SIGN_IDENTITY[sdk=iphoneos*]" = "iPhone Developer";
				COPY_PHASE_STRIP = NO;
				DEBUG_INFORMATION_FORMAT = "dwarf-with-dsym";
				ENABLE_NS_ASSERTIONS = NO;
				ENABLE_STRICT_OBJC_MSGSEND = YES;
				GCC_C_LANGUAGE_STANDARD = gnu99;
				GCC_NO_COMMON_BLOCKS = YES;
				GCC_WARN_64_TO_32_BIT_CONVERSION = YES;
				GCC_WARN_ABOUT_RETURN_TYPE = YES_ERROR;
				GCC_WARN_UNDECLARED_SELECTOR = YES;
				GCC_WARN_UNINITIALIZED_AUTOS = YES_AGGRESSIVE;
				GCC_WARN_UNUSED_FUNCTION = YES;
				GCC_WARN_UNUSED_VARIABLE = YES;
				IPHONEOS_DEPLOYMENT_TARGET = 9.3;
				MTL_ENABLE_DEBUG_INFO = NO;
				SDKROOT = iphoneos;
				VALIDATE_PRODUCT = YES;
			};
			name = Release;
		};
		312248491D77DF6E00A79681 /* Debug */ = {
			isa = XCBuildConfiguration;
			buildSettings = {
				ASSETCATALOG_COMPILER_APPICON_NAME = AppIcon;
				INFOPLIST_FILE = Lab04/Info.plist;
				LD_RUNPATH_SEARCH_PATHS = "$(inherited) @executable_path/Frameworks";
				PRODUCT_BUNDLE_IDENTIFIER = com.codelko.Lab04;
				PRODUCT_NAME = "$(TARGET_NAME)";
			};
			name = Debug;
		};
		3122484A1D77DF6E00A79681 /* Release */ = {
			isa = XCBuildConfiguration;
			buildSettings = {
				ASSETCATALOG_COMPILER_APPICON_NAME = AppIcon;
				INFOPLIST_FILE = Lab04/Info.plist;
				LD_RUNPATH_SEARCH_PATHS = "$(inherited) @executable_path/Frameworks";
				PRODUCT_BUNDLE_IDENTIFIER = com.codelko.Lab04;
				PRODUCT_NAME = "$(TARGET_NAME)";
			};
			name = Release;
		};
/* End XCBuildConfiguration section */

/* Begin XCConfigurationList section */
		312248291D77DF6E00A79681 /* Build configuration list for PBXProject "Lab04" */ = {
			isa = XCConfigurationList;
			buildConfigurations = (
				312248461D77DF6E00A79681 /* Debug */,
				312248471D77DF6E00A79681 /* Release */,
			);
			defaultConfigurationIsVisible = 0;
			defaultConfigurationName = Release;
		};
		312248481D77DF6E00A79681 /* Build configuration list for PBXNativeTarget "Lab04" */ = {
			isa = XCConfigurationList;
			buildConfigurations = (
				312248491D77DF6E00A79681 /* Debug */,
				3122484A1D77DF6E00A79681 /* Release */,
			);
			defaultConfigurationIsVisible = 0;
			defaultConfigurationName = Release;
		};
/* End XCConfigurationList section */

/* Begin XCVersionGroup section */
		3122483D1D77DF6E00A79681 /* Lab04.xcdatamodeld */ = {
			isa = XCVersionGroup;
			children = (
				3122483E1D77DF6E00A79681 /* Lab04.xcdatamodel */,
			);
			currentVersion = 3122483E1D77DF6E00A79681 /* Lab04.xcdatamodel */;
			path = Lab04.xcdatamodeld;
			sourceTree = "<group>";
			versionGroupType = wrapper.xcdatamodel;
		};
/* End XCVersionGroup section */
	};
	rootObject = 312248261D77DF6E00A79681 /* Project object */;
}
